
Microsoft Visual Studio Solution File, Format Version 12.00
# Visual Studio Version 16
VisualStudioVersion = 16.0.30621.155
MinimumVisualStudioVersion = 10.0.40219.1
Project("{FAE04EC0-301F-11D3-BF4B-00C04F79EFBC}") = "YuktiSolutionProject", "YuktiSolutionProject\YuktiSolutionProject.csproj", "{ACB3E83D-2383-4CA0-9B61-CB002D4F0ACA}"
EndProject
Global
	GlobalSection(SolutionConfigurationPlatforms) = preSolution
		Debug|Any CPU = Debug|Any CPU
		Release|Any CPU = Release|Any CPU
	EndGlobalSection
	GlobalSection(ProjectConfigurationPlatforms) = postSolution
		{ACB3E83D-2383-4CA0-9B61-CB002D4F0ACA}.Debug|Any CPU.ActiveCfg = Debug|Any CPU
		{ACB3E83D-2383-4CA0-9B61-CB002D4F0ACA}.Debug|Any CPU.Build.0 = Debug|Any CPU
		{ACB3E83D-2383-4CA0-9B61-CB002D4F0ACA}.Release|Any CPU.ActiveCfg = Release|Any CPU
		{ACB3E83D-2383-4CA0-9B61-CB002D4F0ACA}.Release|Any CPU.Build.0 = Release|Any CPU
	EndGlobalSection
	GlobalSection(SolutionProperties) = preSolution
		HideSolutionNode = FALSE
	EndGlobalSection
	GlobalSection(ExtensibilityGlobals) = postSolution
		SolutionGuid = {6B8E3EC9-9348-49DE-B4DF-566F9BEB8457}
	EndGlobalSection
EndGlobal
